<?xml version="1.0" encoding="utf-8"?>
<Project ToolsVersion="4.0" xmlns="http://schemas.microsoft.com/developer/msbuild/2003">
  <ItemGroup>
    <Filter Include="Source Files">
      <UniqueIdentifier>{4FC737F1-C7A5-4376-A066-2A32D752A2FF}</UniqueIdentifier>
      <Extensions>cpp;c;cc;cxx;def;odl;idl;hpj;bat;asm;asmx</Extensions>
    </Filter>
    <Filter Include="Header Files">
      <UniqueIdentifier>{93995380-89BD-4b04-88EB-625FBE52EBFB}</UniqueIdentifier>
      <Extensions>h;hh;hpp;hxx;hm;inl;inc;ipp;xsd</Extensions>
    </Filter>
    <Filter Include="Resource Files">
      <UniqueIdentifier>{67DA6AB6-F800-4c08-8B7A-83BB121AAD01}</UniqueIdentifier>
      <Extensions>rc;ico;cur;bmp;dlg;rc2;rct;bin;rgs;gif;jpg;jpeg;jpe;resx;tiff;tif;png;wav;mfcribbon-ms</Extensions>
    </Filter>
  </ItemGroup>
  <ItemGroup>
    <ClCompile Include="src\bullet.cpp">
      <Filter>Source Files</Filter>
    </ClCompile>
    <ClCompile Include="src\chunk.cpp">
      <Filter>Source Files</Filter>
    </ClCompile>
    <ClCompile Include="src\clock.cpp">
      <Filter>Source Files</Filter>
    </ClCompile>
    <ClCompile Include="src\collisionStrategy.cpp">
      <Filter>Source Files</Filter>
    </ClCompile>
    <ClCompile Include="src\engine.cpp">
      <Filter>Source Files</Filter>
    </ClCompile>
    <ClCompile Include="src\explodingSprite.cpp">
      <Filter>Source Files</Filter>
    </ClCompile>
    <ClCompile Include="src\frameGenerator.cpp">
      <Filter>Source Files</Filter>
    </ClCompile>
    <ClCompile Include="src\gameData.cpp">
      <Filter>Source Files</Filter>
    </ClCompile>
    <ClCompile Include="src\hud.cpp">
      <Filter>Source Files</Filter>
    </ClCompile>
    <ClCompile Include="src\image.cpp">
      <Filter>Source Files</Filter>
    </ClCompile>
    <ClCompile Include="src\imageFactory.cpp">
      <Filter>Source Files</Filter>
    </ClCompile>
    <ClCompile Include="src\ioMod.cpp">
      <Filter>Source Files</Filter>
    </ClCompile>
    <ClCompile Include="src\main.cpp">
      <Filter>Source Files</Filter>
    </ClCompile>
    <ClCompile Include="src\menu.cpp">
      <Filter>Source Files</Filter>
    </ClCompile>
    <ClCompile Include="src\menuEngine.cpp">
      <Filter>Source Files</Filter>
    </ClCompile>
    <ClCompile Include="src\multisprite.cpp">
      <Filter>Source Files</Filter>
    </ClCompile>
    <ClCompile Include="src\parseXML.cpp">
      <Filter>Source Files</Filter>
    </ClCompile>
    <ClCompile Include="src\playerSprite.cpp">
      <Filter>Source Files</Filter>
    </ClCompile>
    <ClCompile Include="src\pool.cpp">
      <Filter>Source Files</Filter>
    </ClCompile>
    <ClCompile Include="src\renderContext.cpp">
      <Filter>Source Files</Filter>
    </ClCompile>
    <ClCompile Include="src\rotationSprite.cpp">
      <Filter>Source Files</Filter>
    </ClCompile>
    <ClCompile Include="src\smartSprite.cpp">
      <Filter>Source Files</Filter>
    </ClCompile>
    <ClCompile Include="src\sound.cpp">
      <Filter>Source Files</Filter>
    </ClCompile>
    <ClCompile Include="src\sprite.cpp">
      <Filter>Source Files</Filter>
    </ClCompile>
    <ClCompile Include="src\spriteSheet.cpp">
      <Filter>Source Files</Filter>
    </ClCompile>
    <ClCompile Include="src\twoWayMultiSprite.cpp">
      <Filter>Source Files</Filter>
    </ClCompile>
    <ClCompile Include="src\vector2f.cpp">
      <Filter>Source Files</Filter>
    </ClCompile>
    <ClCompile Include="src\viewport.cpp">
      <Filter>Source Files</Filter>
    </ClCompile>
    <ClCompile Include="src\world.cpp">
      <Filter>Source Files</Filter>
    </ClCompile>
    <ClCompile Include="StateManager.cpp">
      <Filter>Source Files</Filter>
    </ClCompile>
  </ItemGroup>
  <ItemGroup>
    <ClInclude Include="src\bullet.h">
      <Filter>Source Files</Filter>
    </ClInclude>
    <ClInclude Include="src\chunk.h">
      <Filter>Source Files</Filter>
    </ClInclude>
    <ClInclude Include="src\clock.h">
      <Filter>Source Files</Filter>
    </ClInclude>
    <ClInclude Include="src\collisionStrategy.h">
      <Filter>Source Files</Filter>
    </ClInclude>
    <ClInclude Include="src\drawable.h">
      <Filter>Source Files</Filter>
    </ClInclude>
    <ClInclude Include="src\engine.h">
      <Filter>Source Files</Filter>
    </ClInclude>
    <ClInclude Include="src\explodingSprite.h">
      <Filter>Source Files</Filter>
    </ClInclude>
    <ClInclude Include="src\frameGenerator.h">
      <Filter>Source Files</Filter>
    </ClInclude>
    <ClInclude Include="src\gameData.h">
      <Filter>Source Files</Filter>
    </ClInclude>
    <ClInclude Include="src\hud.h">
      <Filter>Source Files</Filter>
    </ClInclude>
    <ClInclude Include="src\image.h">
      <Filter>Source Files</Filter>
    </ClInclude>
    <ClInclude Include="src\imageFactory.h">
      <Filter>Source Files</Filter>
    </ClInclude>
    <ClInclude Include="src\ioMod.h">
      <Filter>Source Files</Filter>
    </ClInclude>
    <ClInclude Include="src\menu.h">
      <Filter>Source Files</Filter>
    </ClInclude>
    <ClInclude Include="src\menuEngine.h">
      <Filter>Source Files</Filter>
    </ClInclude>
    <ClInclude Include="src\multisprite.h">
      <Filter>Source Files</Filter>
    </ClInclude>
    <ClInclude Include="src\parseXML.h">
      <Filter>Source Files</Filter>
    </ClInclude>
    <ClInclude Include="src\playerSprite.h">
      <Filter>Source Files</Filter>
    </ClInclude>
    <ClInclude Include="src\pool.h">
      <Filter>Source Files</Filter>
    </ClInclude>
    <ClInclude Include="src\renderContext.h">
      <Filter>Source Files</Filter>
    </ClInclude>
    <ClInclude Include="src\rotationSprite.h">
      <Filter>Source Files</Filter>
    </ClInclude>
    <ClInclude Include="src\smartSprite.h">
      <Filter>Source Files</Filter>
    </ClInclude>
    <ClInclude Include="src\sound.h">
      <Filter>Source Files</Filter>
    </ClInclude>
    <ClInclude Include="src\sprite.h">
      <Filter>Source Files</Filter>
    </ClInclude>
    <ClInclude Include="src\spriteSheet.h">
      <Filter>Source Files</Filter>
    </ClInclude>
    <ClInclude Include="src\twoWayMultiSprite.h">
      <Filter>Source Files</Filter>
    </ClInclude>
    <ClInclude Include="src\vector2f.h">
      <Filter>Source Files</Filter>
    </ClInclude>
    <ClInclude Include="src\viewport.h">
      <Filter>Source Files</Filter>
    </ClInclude>
    <ClInclude Include="src\world.h">
      <Filter>Source Files</Filter>
    </ClInclude>
    <ClInclude Include="StateManager.h">
      <Filter>Header Files</Filter>
    </ClInclude>
  </ItemGroup>
  <ItemGroup>
    <None Include="src\Makefile">
      <Filter>Source Files</Filter>
    </None>
    <None Include="src\NOTES">
      <Filter>Source Files</Filter>
    </None>
    <None Include="src\README">
      <Filter>Source Files</Filter>
    </None>
    <None Include="src\TODO">
      <Filter>Source Files</Filter>
    </None>
  </ItemGroup>
</Project>